
Microsoft Visual Studio Solution File, Format Version 12.00
# Visual Studio Version 17
VisualStudioVersion = 17.14.36414.22 d17.14
MinimumVisualStudioVersion = 10.0.40219.1
Project("{FAE04EC0-301F-11D3-BF4B-00C04F79EFBC}") = "AppFlyoutPage", "AppFlyoutPage.csproj", "{42B484C3-F7AE-42F7-9A1D-A49A6210958D}"
EndProject
Global
	GlobalSection(SolutionConfigurationPlatforms) = preSolution
		Debug|Any CPU = Debug|Any CPU
		Release|Any CPU = Release|Any CPU
	EndGlobalSection
	GlobalSection(ProjectConfigurationPlatforms) = postSolution
		{42B484C3-F7AE-42F7-9A1D-A49A6210958D}.Debug|Any CPU.ActiveCfg = Debug|Any CPU
		{42B484C3-F7AE-42F7-9A1D-A49A6210958D}.Debug|Any CPU.Build.0 = Debug|Any CPU
		{42B484C3-F7AE-42F7-9A1D-A49A6210958D}.Debug|Any CPU.Deploy.0 = Debug|Any CPU
		{42B484C3-F7AE-42F7-9A1D-A49A6210958D}.Release|Any CPU.ActiveCfg = Release|Any CPU
		{42B484C3-F7AE-42F7-9A1D-A49A6210958D}.Release|Any CPU.Build.0 = Release|Any CPU
		{42B484C3-F7AE-42F7-9A1D-A49A6210958D}.Release|Any CPU.Deploy.0 = Release|Any CPU
	EndGlobalSection
	GlobalSection(SolutionProperties) = preSolution
		HideSolutionNode = FALSE
	EndGlobalSection
	GlobalSection(ExtensibilityGlobals) = postSolution
		SolutionGuid = {AC76EBCC-E1FA-4193-BB63-05D9EE611796}
	EndGlobalSection
EndGlobal
